
Microsoft Visual Studio Solution File, Format Version 12.00
# Visual Studio Version 16
VisualStudioVersion = 16.0.31205.134
MinimumVisualStudioVersion = 10.0.40219.1
Project("{FAE04EC0-301F-11D3-BF4B-00C04F79EFBC}") = "WPFMVVMCRUD", "WPFMVVMCRUD\WPFMVVMCRUD.csproj", "{2FD164BE-8997-4C3E-BA85-4299AD96E3D3}"
EndProject
Project("{FAE04EC0-301F-11D3-BF4B-00C04F79EFBC}") = "TesteMVVM", "TesteMVVM\TesteMVVM.csproj", "{160A5290-5094-4038-9AEE-BBC3A79D8DB3}"
EndProject
Global
	GlobalSection(SolutionConfigurationPlatforms) = preSolution
		Debug|Any CPU = Debug|Any CPU
		Release|Any CPU = Release|Any CPU
	EndGlobalSection
	GlobalSection(ProjectConfigurationPlatforms) = postSolution
		{2FD164BE-8997-4C3E-BA85-4299AD96E3D3}.Debug|Any CPU.ActiveCfg = Debug|Any CPU
		{2FD164BE-8997-4C3E-BA85-4299AD96E3D3}.Debug|Any CPU.Build.0 = Debug|Any CPU
		{2FD164BE-8997-4C3E-BA85-4299AD96E3D3}.Release|Any CPU.ActiveCfg = Release|Any CPU
		{2FD164BE-8997-4C3E-BA85-4299AD96E3D3}.Release|Any CPU.Build.0 = Release|Any CPU
		{160A5290-5094-4038-9AEE-BBC3A79D8DB3}.Debug|Any CPU.ActiveCfg = Debug|Any CPU
		{160A5290-5094-4038-9AEE-BBC3A79D8DB3}.Debug|Any CPU.Build.0 = Debug|Any CPU
		{160A5290-5094-4038-9AEE-BBC3A79D8DB3}.Release|Any CPU.ActiveCfg = Release|Any CPU
		{160A5290-5094-4038-9AEE-BBC3A79D8DB3}.Release|Any CPU.Build.0 = Release|Any CPU
	EndGlobalSection
	GlobalSection(SolutionProperties) = preSolution
		HideSolutionNode = FALSE
	EndGlobalSection
	GlobalSection(ExtensibilityGlobals) = postSolution
		SolutionGuid = {4BB9E823-C926-4ED6-A24D-6BFA646EE644}
	EndGlobalSection
EndGlobal
